name: Update package-lock.json

on:
  push:
    branches-ignore:
      - main

jobs:
  update-package-lock:
    runs-on: ubuntu-latest

    steps:
    - name: Checkout
      uses: actions/checkout@v2
      with:
        ref: ${{ github.event.pull_request.head.ref}}
    - name: Install dependencies
      run: npm ci
    - name: Commit package-lock.json
      run: |
        git config --local user.email 'action@github.com'
        git config --local user.name 'GitHub Action'
        git add package-lock.json
        git commit -m 'Update package-lock.json'
        git push
